
Microsoft Visual Studio Solution File, Format Version 12.00
# Visual Studio 15
VisualStudioVersion = 15.0.27703.2000
MinimumVisualStudioVersion = 10.0.40219.1
Project("{9A19103F-16F7-4668-BE54-9A1E7A4F7556}") = "Tools", "ConsoleApp1\Tools.csproj", "{DB692E0F-3632-4C48-91AA-9A6C31B7BB34}"
EndProject
Global
	GlobalSection(SolutionConfigurationPlatforms) = preSolution
		Debug|Any CPU = Debug|Any CPU
		Release|Any CPU = Release|Any CPU
	EndGlobalSection
	GlobalSection(ProjectConfigurationPlatforms) = postSolution
		{DB692E0F-3632-4C48-91AA-9A6C31B7BB34}.Debug|Any CPU.ActiveCfg = Debug|Any CPU
		{DB692E0F-3632-4C48-91AA-9A6C31B7BB34}.Debug|Any CPU.Build.0 = Debug|Any CPU
		{DB692E0F-3632-4C48-91AA-9A6C31B7BB34}.Release|Any CPU.ActiveCfg = Release|Any CPU
		{DB692E0F-3632-4C48-91AA-9A6C31B7BB34}.Release|Any CPU.Build.0 = Release|Any CPU
	EndGlobalSection
	GlobalSection(SolutionProperties) = preSolution
		HideSolutionNode = FALSE
	EndGlobalSection
	GlobalSection(ExtensibilityGlobals) = postSolution
		SolutionGuid = {0C74F0E1-D910-4FC6-B095-79E3A6FC66D5}
	EndGlobalSection
EndGlobal
